
Microsoft Visual Studio Solution File, Format Version 12.00
# Visual Studio 15
VisualStudioVersion = 15.0.27130.2036
MinimumVisualStudioVersion = 10.0.40219.1
Project("{FAE04EC0-301F-11D3-BF4B-00C04F79EFBC}") = "Smart.PortalAcessoSmart", "Smart.PortalAcessoSmart.csproj", "{B2600085-B1F5-4F18-812E-5622FBFAF41E}"
EndProject
Global
	GlobalSection(SolutionConfigurationPlatforms) = preSolution
		Debug|Any CPU = Debug|Any CPU
		Debug|x64 = Debug|x64
		Release|Any CPU = Release|Any CPU
		Release|x64 = Release|x64
	EndGlobalSection
	GlobalSection(ProjectConfigurationPlatforms) = postSolution
		{B2600085-B1F5-4F18-812E-5622FBFAF41E}.Debug|Any CPU.ActiveCfg = Debug|Any CPU
		{B2600085-B1F5-4F18-812E-5622FBFAF41E}.Debug|Any CPU.Build.0 = Debug|Any CPU
		{B2600085-B1F5-4F18-812E-5622FBFAF41E}.Debug|x64.ActiveCfg = Debug|x64
		{B2600085-B1F5-4F18-812E-5622FBFAF41E}.Debug|x64.Build.0 = Debug|x64
		{B2600085-B1F5-4F18-812E-5622FBFAF41E}.Release|Any CPU.ActiveCfg = Release|Any CPU
		{B2600085-B1F5-4F18-812E-5622FBFAF41E}.Release|Any CPU.Build.0 = Release|Any CPU
		{B2600085-B1F5-4F18-812E-5622FBFAF41E}.Release|x64.ActiveCfg = Release|x64
		{B2600085-B1F5-4F18-812E-5622FBFAF41E}.Release|x64.Build.0 = Release|x64
	EndGlobalSection
	GlobalSection(SolutionProperties) = preSolution
		HideSolutionNode = FALSE
	EndGlobalSection
	GlobalSection(ExtensibilityGlobals) = postSolution
		SolutionGuid = {6738DEEF-D244-4C3B-883B-1E7562C0B5CE}
		EnterpriseLibraryConfigurationToolBinariesPathV6 = packages\EnterpriseLibrary.Common.6.0.1304.0\lib\NET45;packages\EnterpriseLibrary.Data.6.0.1304.0\lib\NET45;packages\EntLibContrib.Data.OdpNet.6.0.1304.0\lib\NET45
	EndGlobalSection
EndGlobal
